
Microsoft Visual Studio Solution File, Format Version 12.00
# Visual Studio Version 17
VisualStudioVersion = 17.7.34202.233
MinimumVisualStudioVersion = 10.0.40219.1
Project("{FAE04EC0-301F-11D3-BF4B-00C04F79EFBC}") = "ApiExamen", "ApiExamen\ApiExamen.csproj", "{9C9D3DC1-8908-483B-9EE0-0CDBEFFD610E}"
EndProject
Global
	GlobalSection(SolutionConfigurationPlatforms) = preSolution
		Debug|Any CPU = Debug|Any CPU
		Release|Any CPU = Release|Any CPU
	EndGlobalSection
	GlobalSection(ProjectConfigurationPlatforms) = postSolution
		{9C9D3DC1-8908-483B-9EE0-0CDBEFFD610E}.Debug|Any CPU.ActiveCfg = Debug|Any CPU
		{9C9D3DC1-8908-483B-9EE0-0CDBEFFD610E}.Debug|Any CPU.Build.0 = Debug|Any CPU
		{9C9D3DC1-8908-483B-9EE0-0CDBEFFD610E}.Release|Any CPU.ActiveCfg = Release|Any CPU
		{9C9D3DC1-8908-483B-9EE0-0CDBEFFD610E}.Release|Any CPU.Build.0 = Release|Any CPU
	EndGlobalSection
	GlobalSection(SolutionProperties) = preSolution
		HideSolutionNode = FALSE
	EndGlobalSection
	GlobalSection(ExtensibilityGlobals) = postSolution
		SolutionGuid = {50E56FA1-17D6-42EB-9C36-7238B3C6A4F4}
	EndGlobalSection
EndGlobal
